
Microsoft Visual Studio Solution File, Format Version 12.00
# Visual Studio Version 17
VisualStudioVersion = 17.6.33815.320
MinimumVisualStudioVersion = 10.0.40219.1
Project("{FAE04EC0-301F-11D3-BF4B-00C04F79EFBC}") = "Giaiptbac1", "Giaiptbac1\Giaiptbac1.csproj", "{91AA4EF1-6D58-486C-865E-327B8064606F}"
EndProject
Global
	GlobalSection(SolutionConfigurationPlatforms) = preSolution
		Debug|Any CPU = Debug|Any CPU
		Release|Any CPU = Release|Any CPU
	EndGlobalSection
	GlobalSection(ProjectConfigurationPlatforms) = postSolution
		{91AA4EF1-6D58-486C-865E-327B8064606F}.Debug|Any CPU.ActiveCfg = Debug|Any CPU
		{91AA4EF1-6D58-486C-865E-327B8064606F}.Debug|Any CPU.Build.0 = Debug|Any CPU
		{91AA4EF1-6D58-486C-865E-327B8064606F}.Release|Any CPU.ActiveCfg = Release|Any CPU
		{91AA4EF1-6D58-486C-865E-327B8064606F}.Release|Any CPU.Build.0 = Release|Any CPU
	EndGlobalSection
	GlobalSection(SolutionProperties) = preSolution
		HideSolutionNode = FALSE
	EndGlobalSection
	GlobalSection(ExtensibilityGlobals) = postSolution
		SolutionGuid = {DB125DAA-EFB5-44B0-8139-9F8C6E26A09E}
	EndGlobalSection
EndGlobal
